// !$*UTF8*$!
{
	archiveVersion = 1;
	classes = {
	};
	objectVersion = 50;
	objects = {

/* Begin PBXBuildFile section */
		D3057B52245B02D7009C771D /* KeychainDataItem.swift in Sources */ = {isa = PBXBuildFile; fileRef = D3057B51245B02D7009C771D /* KeychainDataItem.swift */; };
		D3057B54245B0AA1009C771D /* CodableItemStorage.swift in Sources */ = {isa = PBXBuildFile; fileRef = D3057B53245B0AA1009C771D /* CodableItemStorage.swift */; };
		D3057B56245B11B0009C771D /* DataBaseStorage.swift in Sources */ = {isa = PBXBuildFile; fileRef = D3057B55245B11B0009C771D /* DataBaseStorage.swift */; };
		D3057B58245B2267009C771D /* KeychainStorage.swift in Sources */ = {isa = PBXBuildFile; fileRef = D3057B57245B2267009C771D /* KeychainStorage.swift */; };
		D3158FFD242E40D800E048AE /* AppDelegate.swift in Sources */ = {isa = PBXBuildFile; fileRef = D3158FFC242E40D800E048AE /* AppDelegate.swift */; };
		D3159001242E40DA00E048AE /* Assets.xcassets in Resources */ = {isa = PBXBuildFile; fileRef = D3159000242E40DA00E048AE /* Assets.xcassets */; };
		D3159004242E40DA00E048AE /* Main.storyboard in Resources */ = {isa = PBXBuildFile; fileRef = D3159002242E40DA00E048AE /* Main.storyboard */; };
		D315900F242E7CA500E048AE /* AppService.swift in Sources */ = {isa = PBXBuildFile; fileRef = D315900E242E7CA500E048AE /* AppService.swift */; };
		D315904B243065AC00E048AE /* APNsProvider.swift in Sources */ = {isa = PBXBuildFile; fileRef = D315904A243065AC00E048AE /* APNsProvider.swift */; };
		D31590512430AE9400E048AE /* APNsResponseError.swift in Sources */ = {isa = PBXBuildFile; fileRef = D31590502430AE9400E048AE /* APNsResponseError.swift */; };
		D31590532430AEED00E048AE /* APNsProviderBase.swift in Sources */ = {isa = PBXBuildFile; fileRef = D31590522430AEED00E048AE /* APNsProviderBase.swift */; };
		D31590552430AF0D00E048AE /* APNsCertificateBasedProvider.swift in Sources */ = {isa = PBXBuildFile; fileRef = D31590542430AF0D00E048AE /* APNsCertificateBasedProvider.swift */; };
		D31590572430AF2F00E048AE /* APNsTokenBasedProvider.swift in Sources */ = {isa = PBXBuildFile; fileRef = D31590562430AF2F00E048AE /* APNsTokenBasedProvider.swift */; };
		D31590592430AF5500E048AE /* APNsJSONWebTokenController.swift in Sources */ = {isa = PBXBuildFile; fileRef = D31590582430AF5500E048AE /* APNsJSONWebTokenController.swift */; };
		D315905F2430F6C200E048AE /* APNsError.swift in Sources */ = {isa = PBXBuildFile; fileRef = D315905E2430F6C200E048AE /* APNsError.swift */; };
		D33D4C5A24571E2100845B8B /* Editor.bundle in Resources */ = {isa = PBXBuildFile; fileRef = D33D4C5924571E2100845B8B /* Editor.bundle */; };
		D33D4C5C24571E2F00845B8B /* JSBridge.swift in Sources */ = {isa = PBXBuildFile; fileRef = D33D4C5B24571E2F00845B8B /* JSBridge.swift */; };
		D367E04C2453BCEF00692536 /* ASN1.swift in Sources */ = {isa = PBXBuildFile; fileRef = D367E04B2453BCEF00692536 /* ASN1.swift */; };
		D367E04E2453BDBD00692536 /* ASN1+X963Representation.swift in Sources */ = {isa = PBXBuildFile; fileRef = D367E04D2453BDBD00692536 /* ASN1+X963Representation.swift */; };
		D367E0502453BE8800692536 /* Data+Base64URLEncoded.swift in Sources */ = {isa = PBXBuildFile; fileRef = D367E04F2453BE8800692536 /* Data+Base64URLEncoded.swift */; };
		D367E0522453BEB800692536 /* APNsJSONWebToken.swift in Sources */ = {isa = PBXBuildFile; fileRef = D367E0512453BEB800692536 /* APNsJSONWebToken.swift */; };
		D3E9432624476083002BB340 /* ContentView.swift in Sources */ = {isa = PBXBuildFile; fileRef = D3E9432524476083002BB340 /* ContentView.swift */; };
		D3E9432924476736002BB340 /* TitleValueView.swift in Sources */ = {isa = PBXBuildFile; fileRef = D3E9432824476736002BB340 /* TitleValueView.swift */; };
		D3E9432C244893C1002BB340 /* PayloadView.swift in Sources */ = {isa = PBXBuildFile; fileRef = D3E9432B244893C1002BB340 /* PayloadView.swift */; };
		D3E9434E2449F8E5002BB340 /* CertificateView.swift in Sources */ = {isa = PBXBuildFile; fileRef = D3E9434D2449F8E5002BB340 /* CertificateView.swift */; };
		D3E94351244B02B9002BB340 /* APNsPreference.swift in Sources */ = {isa = PBXBuildFile; fileRef = D3E94350244B02B9002BB340 /* APNsPreference.swift */; };
		D3E94354244B0349002BB340 /* APNsCertificate.swift in Sources */ = {isa = PBXBuildFile; fileRef = D3E94353244B0349002BB340 /* APNsCertificate.swift */; };
		D3E94357244B0386002BB340 /* APNsService.swift in Sources */ = {isa = PBXBuildFile; fileRef = D3E94356244B0386002BB340 /* APNsService.swift */; };
		D3E9435A244B0397002BB340 /* APNsState.swift in Sources */ = {isa = PBXBuildFile; fileRef = D3E94359244B0397002BB340 /* APNsState.swift */; };
		D3E9435D244B03BF002BB340 /* Color+Ext.swift in Sources */ = {isa = PBXBuildFile; fileRef = D3E9435C244B03BF002BB340 /* Color+Ext.swift */; };
		D3E94360244B03EF002BB340 /* String+Ext.swift in Sources */ = {isa = PBXBuildFile; fileRef = D3E9435F244B03EF002BB340 /* String+Ext.swift */; };
		D3E9436F244DE12D002BB340 /* Localizable.strings in Resources */ = {isa = PBXBuildFile; fileRef = D3E94371244DE12D002BB340 /* Localizable.strings */; };
/* End PBXBuildFile section */

/* Begin PBXCopyFilesBuildPhase section */
		D3159026242F0A7500E048AE /* Embed Frameworks */ = {
			isa = PBXCopyFilesBuildPhase;
			buildActionMask = 2147483647;
			dstPath = "";
			dstSubfolderSpec = 10;
			files = (
			);
			name = "Embed Frameworks";
			runOnlyForDeploymentPostprocessing = 0;
		};
/* End PBXCopyFilesBuildPhase section */

/* Begin PBXFileReference section */
		D3057B51245B02D7009C771D /* KeychainDataItem.swift */ = {isa = PBXFileReference; fileEncoding = 4; lastKnownFileType = sourcecode.swift; path = KeychainDataItem.swift; sourceTree = "<group>"; };
		D3057B53245B0AA1009C771D /* CodableItemStorage.swift */ = {isa = PBXFileReference; fileEncoding = 4; lastKnownFileType = sourcecode.swift; path = CodableItemStorage.swift; sourceTree = "<group>"; };
		D3057B55245B11B0009C771D /* DataBaseStorage.swift */ = {isa = PBXFileReference; lastKnownFileType = sourcecode.swift; path = DataBaseStorage.swift; sourceTree = "<group>"; };
		D3057B57245B2267009C771D /* KeychainStorage.swift */ = {isa = PBXFileReference; lastKnownFileType = sourcecode.swift; path = KeychainStorage.swift; sourceTree = "<group>"; };
		D3158FF9242E40D800E048AE /* APNs.app */ = {isa = PBXFileReference; explicitFileType = wrapper.application; includeInIndex = 0; path = APNs.app; sourceTree = BUILT_PRODUCTS_DIR; };
		D3158FFC242E40D800E048AE /* AppDelegate.swift */ = {isa = PBXFileReference; lastKnownFileType = sourcecode.swift; path = AppDelegate.swift; sourceTree = "<group>"; };
		D3159000242E40DA00E048AE /* Assets.xcassets */ = {isa = PBXFileReference; lastKnownFileType = folder.assetcatalog; path = Assets.xcassets; sourceTree = "<group>"; };
		D3159003242E40DA00E048AE /* Base */ = {isa = PBXFileReference; lastKnownFileType = file.storyboard; name = Base; path = Base.lproj/Main.storyboard; sourceTree = "<group>"; };
		D3159005242E40DA00E048AE /* Info.plist */ = {isa = PBXFileReference; lastKnownFileType = text.plist.xml; path = Info.plist; sourceTree = "<group>"; };
		D3159006242E40DA00E048AE /* APNs_NG.entitlements */ = {isa = PBXFileReference; lastKnownFileType = text.plist.entitlements; path = APNs_NG.entitlements; sourceTree = "<group>"; };
		D315900E242E7CA500E048AE /* AppService.swift */ = {isa = PBXFileReference; lastKnownFileType = sourcecode.swift; path = AppService.swift; sourceTree = "<group>"; };
		D315904A243065AC00E048AE /* APNsProvider.swift */ = {isa = PBXFileReference; lastKnownFileType = sourcecode.swift; path = APNsProvider.swift; sourceTree = "<group>"; };
		D31590502430AE9400E048AE /* APNsResponseError.swift */ = {isa = PBXFileReference; lastKnownFileType = sourcecode.swift; path = APNsResponseError.swift; sourceTree = "<group>"; };
		D31590522430AEED00E048AE /* APNsProviderBase.swift */ = {isa = PBXFileReference; lastKnownFileType = sourcecode.swift; path = APNsProviderBase.swift; sourceTree = "<group>"; };
		D31590542430AF0D00E048AE /* APNsCertificateBasedProvider.swift */ = {isa = PBXFileReference; lastKnownFileType = sourcecode.swift; path = APNsCertificateBasedProvider.swift; sourceTree = "<group>"; };
		D31590562430AF2F00E048AE /* APNsTokenBasedProvider.swift */ = {isa = PBXFileReference; lastKnownFileType = sourcecode.swift; path = APNsTokenBasedProvider.swift; sourceTree = "<group>"; };
		D31590582430AF5500E048AE /* APNsJSONWebTokenController.swift */ = {isa = PBXFileReference; lastKnownFileType = sourcecode.swift; path = APNsJSONWebTokenController.swift; sourceTree = "<group>"; };
		D315905E2430F6C200E048AE /* APNsError.swift */ = {isa = PBXFileReference; lastKnownFileType = sourcecode.swift; path = APNsError.swift; sourceTree = "<group>"; };
		D31591382433830300E048AE /* Info-Community.plist */ = {isa = PBXFileReference; lastKnownFileType = text.plist.xml; path = "Info-Community.plist"; sourceTree = "<group>"; };
		D33D4C5924571E2100845B8B /* Editor.bundle */ = {isa = PBXFileReference; lastKnownFileType = "wrapper.plug-in"; path = Editor.bundle; sourceTree = "<group>"; };
		D33D4C5B24571E2F00845B8B /* JSBridge.swift */ = {isa = PBXFileReference; fileEncoding = 4; lastKnownFileType = sourcecode.swift; path = JSBridge.swift; sourceTree = "<group>"; };
		D367E04B2453BCEF00692536 /* ASN1.swift */ = {isa = PBXFileReference; lastKnownFileType = sourcecode.swift; path = ASN1.swift; sourceTree = "<group>"; };
		D367E04D2453BDBD00692536 /* ASN1+X963Representation.swift */ = {isa = PBXFileReference; lastKnownFileType = sourcecode.swift; path = "ASN1+X963Representation.swift"; sourceTree = "<group>"; };
		D367E04F2453BE8800692536 /* Data+Base64URLEncoded.swift */ = {isa = PBXFileReference; lastKnownFileType = sourcecode.swift; path = "Data+Base64URLEncoded.swift"; sourceTree = "<group>"; };
		D367E0512453BEB800692536 /* APNsJSONWebToken.swift */ = {isa = PBXFileReference; lastKnownFileType = sourcecode.swift; path = APNsJSONWebToken.swift; sourceTree = "<group>"; };
		D3E9432524476083002BB340 /* ContentView.swift */ = {isa = PBXFileReference; lastKnownFileType = sourcecode.swift; path = ContentView.swift; sourceTree = "<group>"; };
		D3E9432824476736002BB340 /* TitleValueView.swift */ = {isa = PBXFileReference; lastKnownFileType = sourcecode.swift; path = TitleValueView.swift; sourceTree = "<group>"; };
		D3E9432B244893C1002BB340 /* PayloadView.swift */ = {isa = PBXFileReference; lastKnownFileType = sourcecode.swift; path = PayloadView.swift; sourceTree = "<group>"; };
		D3E9434D2449F8E5002BB340 /* CertificateView.swift */ = {isa = PBXFileReference; fileEncoding = 4; lastKnownFileType = sourcecode.swift; path = CertificateView.swift; sourceTree = "<group>"; };
		D3E94350244B02B9002BB340 /* APNsPreference.swift */ = {isa = PBXFileReference; lastKnownFileType = sourcecode.swift; path = APNsPreference.swift; sourceTree = "<group>"; };
		D3E94353244B0349002BB340 /* APNsCertificate.swift */ = {isa = PBXFileReference; lastKnownFileType = sourcecode.swift; path = APNsCertificate.swift; sourceTree = "<group>"; };
		D3E94356244B0386002BB340 /* APNsService.swift */ = {isa = PBXFileReference; lastKnownFileType = sourcecode.swift; path = APNsService.swift; sourceTree = "<group>"; };
		D3E94359244B0397002BB340 /* APNsState.swift */ = {isa = PBXFileReference; lastKnownFileType = sourcecode.swift; path = APNsState.swift; sourceTree = "<group>"; };
		D3E9435C244B03BF002BB340 /* Color+Ext.swift */ = {isa = PBXFileReference; lastKnownFileType = sourcecode.swift; path = "Color+Ext.swift"; sourceTree = "<group>"; };
		D3E9435F244B03EF002BB340 /* String+Ext.swift */ = {isa = PBXFileReference; lastKnownFileType = sourcecode.swift; path = "String+Ext.swift"; sourceTree = "<group>"; };
		D3E94363244DD840002BB340 /* en */ = {isa = PBXFileReference; lastKnownFileType = text.plist.strings; name = en; path = en.lproj/Main.strings; sourceTree = "<group>"; };
		D3E94366244DD898002BB340 /* zh-Hans */ = {isa = PBXFileReference; lastKnownFileType = text.plist.strings; name = "zh-Hans"; path = "zh-Hans.lproj/Main.strings"; sourceTree = "<group>"; };
		D3E94370244DE12D002BB340 /* zh-Hans */ = {isa = PBXFileReference; lastKnownFileType = text.plist.strings; name = "zh-Hans"; path = "zh-Hans.lproj/Localizable.strings"; sourceTree = "<group>"; };
		D3E94372244DE12F002BB340 /* en */ = {isa = PBXFileReference; lastKnownFileType = text.plist.strings; name = en; path = en.lproj/Localizable.strings; sourceTree = "<group>"; };
/* End PBXFileReference section */

/* Begin PBXFrameworksBuildPhase section */
		D3158FF6242E40D800E048AE /* Frameworks */ = {
			isa = PBXFrameworksBuildPhase;
			buildActionMask = 2147483647;
			files = (
			);
			runOnlyForDeploymentPostprocessing = 0;
		};
/* End PBXFrameworksBuildPhase section */

/* Begin PBXGroup section */
		D3158FF0242E40D800E048AE = {
			isa = PBXGroup;
			children = (
				D3158FFB242E40D800E048AE /* APNs-NG */,
				D3158FFA242E40D800E048AE /* Products */,
			);
			sourceTree = "<group>";
		};
		D3158FFA242E40D800E048AE /* Products */ = {
			isa = PBXGroup;
			children = (
				D3158FF9242E40D800E048AE /* APNs.app */,
			);
			name = Products;
			sourceTree = "<group>";
		};
		D3158FFB242E40D800E048AE /* APNs-NG */ = {
			isa = PBXGroup;
			children = (
				D3158FFC242E40D800E048AE /* AppDelegate.swift */,
				D31590452430546C00E048AE /* AppFoundation */,
				D31590442430545700E048AE /* Views */,
				D3159000242E40DA00E048AE /* Assets.xcassets */,
				D3159002242E40DA00E048AE /* Main.storyboard */,
				D33D4C5B24571E2F00845B8B /* JSBridge.swift */,
				D3057B51245B02D7009C771D /* KeychainDataItem.swift */,
				D3057B53245B0AA1009C771D /* CodableItemStorage.swift */,
				D3057B55245B11B0009C771D /* DataBaseStorage.swift */,
				D3057B57245B2267009C771D /* KeychainStorage.swift */,
				D33D4C5924571E2100845B8B /* Editor.bundle */,
				D3159005242E40DA00E048AE /* Info.plist */,
				D31591382433830300E048AE /* Info-Community.plist */,
				D3159006242E40DA00E048AE /* APNs_NG.entitlements */,
			);
			path = "APNs-NG";
			sourceTree = "<group>";
		};
		D31590442430545700E048AE /* Views */ = {
			isa = PBXGroup;
			children = (
				D3E9432524476083002BB340 /* ContentView.swift */,
				D3E9434D2449F8E5002BB340 /* CertificateView.swift */,
				D3E9432824476736002BB340 /* TitleValueView.swift */,
				D3E9432B244893C1002BB340 /* PayloadView.swift */,
				D3E94371244DE12D002BB340 /* Localizable.strings */,
			);
			path = Views;
			sourceTree = "<group>";
		};
		D31590452430546C00E048AE /* AppFoundation */ = {
			isa = PBXGroup;
			children = (
				D315900E242E7CA500E048AE /* AppService.swift */,
				D3E94353244B0349002BB340 /* APNsCertificate.swift */,
				D3E94356244B0386002BB340 /* APNsService.swift */,
				D3E94359244B0397002BB340 /* APNsState.swift */,
				D3E94350244B02B9002BB340 /* APNsPreference.swift */,
				D3E9435C244B03BF002BB340 /* Color+Ext.swift */,
				D3E9435F244B03EF002BB340 /* String+Ext.swift */,
				D367E04A2453BCD600692536 /* JSONWebToken */,
				D315904D2430ADDC00E048AE /* APNsProvider */,
			);
			path = AppFoundation;
			sourceTree = "<group>";
		};
		D315904D2430ADDC00E048AE /* APNsProvider */ = {
			isa = PBXGroup;
			children = (
				D315904A243065AC00E048AE /* APNsProvider.swift */,
				D31590502430AE9400E048AE /* APNsResponseError.swift */,
				D31590522430AEED00E048AE /* APNsProviderBase.swift */,
				D31590542430AF0D00E048AE /* APNsCertificateBasedProvider.swift */,
				D31590562430AF2F00E048AE /* APNsTokenBasedProvider.swift */,
				D31590582430AF5500E048AE /* APNsJSONWebTokenController.swift */,
				D315905E2430F6C200E048AE /* APNsError.swift */,
			);
			path = APNsProvider;
			sourceTree = "<group>";
		};
		D367E04A2453BCD600692536 /* JSONWebToken */ = {
			isa = PBXGroup;
			children = (
				D367E04B2453BCEF00692536 /* ASN1.swift */,
				D367E04D2453BDBD00692536 /* ASN1+X963Representation.swift */,
				D367E04F2453BE8800692536 /* Data+Base64URLEncoded.swift */,
				D367E0512453BEB800692536 /* APNsJSONWebToken.swift */,
			);
			path = JSONWebToken;
			sourceTree = "<group>";
		};
/* End PBXGroup section */

/* Begin PBXNativeTarget section */
		D3158FF8242E40D800E048AE /* APNs-NG */ = {
			isa = PBXNativeTarget;
			buildConfigurationList = D3159009242E40DA00E048AE /* Build configuration list for PBXNativeTarget "APNs-NG" */;
			buildPhases = (
				D3158FF5242E40D800E048AE /* Sources */,
				D3158FF6242E40D800E048AE /* Frameworks */,
				D3158FF7242E40D800E048AE /* Resources */,
				D3159026242F0A7500E048AE /* Embed Frameworks */,
			);
			buildRules = (
			);
			dependencies = (
			);
			name = "APNs-NG";
			packageProductDependencies = (
			);
			productName = "APNs-NG";
			productReference = D3158FF9242E40D800E048AE /* APNs.app */;
			productType = "com.apple.product-type.application";
		};
/* End PBXNativeTarget section */

/* Begin PBXProject section */
		D3158FF1242E40D800E048AE /* Project object */ = {
			isa = PBXProject;
			attributes = {
				LastSwiftUpdateCheck = 1140;
				LastUpgradeCheck = 1140;
				ORGANIZATIONNAME = Arror;
				TargetAttributes = {
					D3158FF8242E40D800E048AE = {
						CreatedOnToolsVersion = 11.4;
					};
				};
			};
			buildConfigurationList = D3158FF4242E40D800E048AE /* Build configuration list for PBXProject "APNs-NG" */;
			compatibilityVersion = "Xcode 9.3";
			developmentRegion = "zh-Hans";
			hasScannedForEncodings = 0;
			knownRegions = (
				"zh-Hans",
				Base,
				en,
			);
			mainGroup = D3158FF0242E40D800E048AE;
			packageReferences = (
			);
			productRefGroup = D3158FFA242E40D800E048AE /* Products */;
			projectDirPath = "";
			projectRoot = "";
			targets = (
				D3158FF8242E40D800E048AE /* APNs-NG */,
			);
		};
/* End PBXProject section */

/* Begin PBXResourcesBuildPhase section */
		D3158FF7242E40D800E048AE /* Resources */ = {
			isa = PBXResourcesBuildPhase;
			buildActionMask = 2147483647;
			files = (
				D33D4C5A24571E2100845B8B /* Editor.bundle in Resources */,
				D3159001242E40DA00E048AE /* Assets.xcassets in Resources */,
				D3E9436F244DE12D002BB340 /* Localizable.strings in Resources */,
				D3159004242E40DA00E048AE /* Main.storyboard in Resources */,
			);
			runOnlyForDeploymentPostprocessing = 0;
		};
/* End PBXResourcesBuildPhase section */

/* Begin PBXSourcesBuildPhase section */
		D3158FF5242E40D800E048AE /* Sources */ = {
			isa = PBXSourcesBuildPhase;
			buildActionMask = 2147483647;
			files = (
				D31590552430AF0D00E048AE /* APNsCertificateBasedProvider.swift in Sources */,
				D3E9432624476083002BB340 /* ContentView.swift in Sources */,
				D3E9432924476736002BB340 /* TitleValueView.swift in Sources */,
				D31590592430AF5500E048AE /* APNsJSONWebTokenController.swift in Sources */,
				D3E9434E2449F8E5002BB340 /* CertificateView.swift in Sources */,
				D3E94354244B0349002BB340 /* APNsCertificate.swift in Sources */,
				D3E94357244B0386002BB340 /* APNsService.swift in Sources */,
				D3057B56245B11B0009C771D /* DataBaseStorage.swift in Sources */,
				D367E04E2453BDBD00692536 /* ASN1+X963Representation.swift in Sources */,
				D315904B243065AC00E048AE /* APNsProvider.swift in Sources */,
				D31590572430AF2F00E048AE /* APNsTokenBasedProvider.swift in Sources */,
				D315905F2430F6C200E048AE /* APNsError.swift in Sources */,
				D3057B54245B0AA1009C771D /* CodableItemStorage.swift in Sources */,
				D31590532430AEED00E048AE /* APNsProviderBase.swift in Sources */,
				D367E0522453BEB800692536 /* APNsJSONWebToken.swift in Sources */,
				D3158FFD242E40D800E048AE /* AppDelegate.swift in Sources */,
				D3E94351244B02B9002BB340 /* APNsPreference.swift in Sources */,
				D3E9435A244B0397002BB340 /* APNsState.swift in Sources */,
				D3E9432C244893C1002BB340 /* PayloadView.swift in Sources */,
				D315900F242E7CA500E048AE /* AppService.swift in Sources */,
				D367E0502453BE8800692536 /* Data+Base64URLEncoded.swift in Sources */,
				D33D4C5C24571E2F00845B8B /* JSBridge.swift in Sources */,
				D3E9435D244B03BF002BB340 /* Color+Ext.swift in Sources */,
				D367E04C2453BCEF00692536 /* ASN1.swift in Sources */,
				D3E94360244B03EF002BB340 /* String+Ext.swift in Sources */,
				D3057B58245B2267009C771D /* KeychainStorage.swift in Sources */,
				D31590512430AE9400E048AE /* APNsResponseError.swift in Sources */,
				D3057B52245B02D7009C771D /* KeychainDataItem.swift in Sources */,
			);
			runOnlyForDeploymentPostprocessing = 0;
		};
/* End PBXSourcesBuildPhase section */

/* Begin PBXVariantGroup section */
		D3159002242E40DA00E048AE /* Main.storyboard */ = {
			isa = PBXVariantGroup;
			children = (
				D3159003242E40DA00E048AE /* Base */,
				D3E94363244DD840002BB340 /* en */,
				D3E94366244DD898002BB340 /* zh-Hans */,
			);
			name = Main.storyboard;
			sourceTree = "<group>";
		};
		D3E94371244DE12D002BB340 /* Localizable.strings */ = {
			isa = PBXVariantGroup;
			children = (
				D3E94370244DE12D002BB340 /* zh-Hans */,
				D3E94372244DE12F002BB340 /* en */,
			);
			name = Localizable.strings;
			sourceTree = "<group>";
		};
/* End PBXVariantGroup section */

/* Begin XCBuildConfiguration section */
		D3159007242E40DA00E048AE /* Debug */ = {
			isa = XCBuildConfiguration;
			buildSettings = {
				ALWAYS_SEARCH_USER_PATHS = NO;
				CLANG_ANALYZER_LOCALIZABILITY_NONLOCALIZED = YES;
				CLANG_ANALYZER_NONNULL = YES;
				CLANG_ANALYZER_NUMBER_OBJECT_CONVERSION = YES_AGGRESSIVE;
				CLANG_CXX_LANGUAGE_STANDARD = "gnu++14";
				CLANG_CXX_LIBRARY = "libc++";
				CLANG_ENABLE_MODULES = YES;
				CLANG_ENABLE_OBJC_ARC = YES;
				CLANG_ENABLE_OBJC_WEAK = YES;
				CLANG_WARN_BLOCK_CAPTURE_AUTORELEASING = YES;
				CLANG_WARN_BOOL_CONVERSION = YES;
				CLANG_WARN_COMMA = YES;
				CLANG_WARN_CONSTANT_CONVERSION = YES;
				CLANG_WARN_DEPRECATED_OBJC_IMPLEMENTATIONS = YES;
				CLANG_WARN_DIRECT_OBJC_ISA_USAGE = YES_ERROR;
				CLANG_WARN_DOCUMENTATION_COMMENTS = YES;
				CLANG_WARN_EMPTY_BODY = YES;
				CLANG_WARN_ENUM_CONVERSION = YES;
				CLANG_WARN_INFINITE_RECURSION = YES;
				CLANG_WARN_INT_CONVERSION = YES;
				CLANG_WARN_NON_LITERAL_NULL_CONVERSION = YES;
				CLANG_WARN_OBJC_IMPLICIT_RETAIN_SELF = YES;
				CLANG_WARN_OBJC_LITERAL_CONVERSION = YES;
				CLANG_WARN_OBJC_ROOT_CLASS = YES_ERROR;
				CLANG_WARN_RANGE_LOOP_ANALYSIS = YES;
				CLANG_WARN_STRICT_PROTOTYPES = YES;
				CLANG_WARN_SUSPICIOUS_MOVE = YES;
				CLANG_WARN_UNGUARDED_AVAILABILITY = YES_AGGRESSIVE;
				CLANG_WARN_UNREACHABLE_CODE = YES;
				CLANG_WARN__DUPLICATE_METHOD_MATCH = YES;
				COPY_PHASE_STRIP = NO;
				DEBUG_INFORMATION_FORMAT = dwarf;
				ENABLE_STRICT_OBJC_MSGSEND = YES;
				ENABLE_TESTABILITY = YES;
				GCC_C_LANGUAGE_STANDARD = gnu11;
				GCC_DYNAMIC_NO_PIC = NO;
				GCC_NO_COMMON_BLOCKS = YES;
				GCC_OPTIMIZATION_LEVEL = 0;
				GCC_PREPROCESSOR_DEFINITIONS = (
					"DEBUG=1",
					"$(inherited)",
				);
				GCC_WARN_64_TO_32_BIT_CONVERSION = YES;
				GCC_WARN_ABOUT_RETURN_TYPE = YES_ERROR;
				GCC_WARN_UNDECLARED_SELECTOR = YES;
				GCC_WARN_UNINITIALIZED_AUTOS = YES_AGGRESSIVE;
				GCC_WARN_UNUSED_FUNCTION = YES;
				GCC_WARN_UNUSED_VARIABLE = YES;
				MACOSX_DEPLOYMENT_TARGET = 10.15;
				MTL_ENABLE_DEBUG_INFO = INCLUDE_SOURCE;
				MTL_FAST_MATH = YES;
				ONLY_ACTIVE_ARCH = YES;
				SDKROOT = macosx;
				SWIFT_ACTIVE_COMPILATION_CONDITIONS = DEBUG;
				SWIFT_OPTIMIZATION_LEVEL = "-Onone";
			};
			name = Debug;
		};
		D3159008242E40DA00E048AE /* Release */ = {
			isa = XCBuildConfiguration;
			buildSettings = {
				ALWAYS_SEARCH_USER_PATHS = NO;
				CLANG_ANALYZER_LOCALIZABILITY_NONLOCALIZED = YES;
				CLANG_ANALYZER_NONNULL = YES;
				CLANG_ANALYZER_NUMBER_OBJECT_CONVERSION = YES_AGGRESSIVE;
				CLANG_CXX_LANGUAGE_STANDARD = "gnu++14";
				CLANG_CXX_LIBRARY = "libc++";
				CLANG_ENABLE_MODULES = YES;
				CLANG_ENABLE_OBJC_ARC = YES;
				CLANG_ENABLE_OBJC_WEAK = YES;
				CLANG_WARN_BLOCK_CAPTURE_AUTORELEASING = YES;
				CLANG_WARN_BOOL_CONVERSION = YES;
				CLANG_WARN_COMMA = YES;
				CLANG_WARN_CONSTANT_CONVERSION = YES;
				CLANG_WARN_DEPRECATED_OBJC_IMPLEMENTATIONS = YES;
				CLANG_WARN_DIRECT_OBJC_ISA_USAGE = YES_ERROR;
				CLANG_WARN_DOCUMENTATION_COMMENTS = YES;
				CLANG_WARN_EMPTY_BODY = YES;
				CLANG_WARN_ENUM_CONVERSION = YES;
				CLANG_WARN_INFINITE_RECURSION = YES;
				CLANG_WARN_INT_CONVERSION = YES;
				CLANG_WARN_NON_LITERAL_NULL_CONVERSION = YES;
				CLANG_WARN_OBJC_IMPLICIT_RETAIN_SELF = YES;
				CLANG_WARN_OBJC_LITERAL_CONVERSION = YES;
				CLANG_WARN_OBJC_ROOT_CLASS = YES_ERROR;
				CLANG_WARN_RANGE_LOOP_ANALYSIS = YES;
				CLANG_WARN_STRICT_PROTOTYPES = YES;
				CLANG_WARN_SUSPICIOUS_MOVE = YES;
				CLANG_WARN_UNGUARDED_AVAILABILITY = YES_AGGRESSIVE;
				CLANG_WARN_UNREACHABLE_CODE = YES;
				CLANG_WARN__DUPLICATE_METHOD_MATCH = YES;
				COPY_PHASE_STRIP = NO;
				DEBUG_INFORMATION_FORMAT = "dwarf-with-dsym";
				ENABLE_NS_ASSERTIONS = NO;
				ENABLE_STRICT_OBJC_MSGSEND = YES;
				GCC_C_LANGUAGE_STANDARD = gnu11;
				GCC_NO_COMMON_BLOCKS = YES;
				GCC_WARN_64_TO_32_BIT_CONVERSION = YES;
				GCC_WARN_ABOUT_RETURN_TYPE = YES_ERROR;
				GCC_WARN_UNDECLARED_SELECTOR = YES;
				GCC_WARN_UNINITIALIZED_AUTOS = YES_AGGRESSIVE;
				GCC_WARN_UNUSED_FUNCTION = YES;
				GCC_WARN_UNUSED_VARIABLE = YES;
				MACOSX_DEPLOYMENT_TARGET = 10.15;
				MTL_ENABLE_DEBUG_INFO = NO;
				MTL_FAST_MATH = YES;
				SDKROOT = macosx;
				SWIFT_COMPILATION_MODE = wholemodule;
				SWIFT_OPTIMIZATION_LEVEL = "-O";
			};
			name = Release;
		};
		D315900A242E40DA00E048AE /* Debug */ = {
			isa = XCBuildConfiguration;
			buildSettings = {
				ASSETCATALOG_COMPILER_APPICON_NAME = AppIcon;
				CODE_SIGN_ENTITLEMENTS = "APNs-NG/APNs_NG.entitlements";
				CODE_SIGN_IDENTITY = "Apple Development";
				CODE_SIGN_STYLE = Automatic;
				COMBINE_HIDPI_IMAGES = YES;
				CURRENT_PROJECT_VERSION = 14;
				DEVELOPMENT_TEAM = A8XWAF2UFT;
				ENABLE_HARDENED_RUNTIME = NO;
				FRAMEWORK_SEARCH_PATHS = "$(inherited)";
				INFOPLIST_FILE = "APNs-NG/Info.plist";
				LD_RUNPATH_SEARCH_PATHS = (
					"$(inherited)",
					"@executable_path/../Frameworks",
				);
				MARKETING_VERSION = 2.4;
				PRODUCT_BUNDLE_IDENTIFIER = com.Arror.APNs;
				PRODUCT_NAME = APNs;
				SWIFT_VERSION = 5.0;
			};
			name = Debug;
		};
		D315900B242E40DA00E048AE /* Release */ = {
			isa = XCBuildConfiguration;
			buildSettings = {
				ASSETCATALOG_COMPILER_APPICON_NAME = AppIcon;
				CODE_SIGN_ENTITLEMENTS = "APNs-NG/APNs_NG.entitlements";
				CODE_SIGN_IDENTITY = "Apple Development";
				CODE_SIGN_STYLE = Automatic;
				COMBINE_HIDPI_IMAGES = YES;
				CURRENT_PROJECT_VERSION = 14;
				DEVELOPMENT_TEAM = A8XWAF2UFT;
				ENABLE_HARDENED_RUNTIME = NO;
				FRAMEWORK_SEARCH_PATHS = "$(inherited)";
				INFOPLIST_FILE = "APNs-NG/Info.plist";
				LD_RUNPATH_SEARCH_PATHS = (
					"$(inherited)",
					"@executable_path/../Frameworks",
				);
				MARKETING_VERSION = 2.4;
				PRODUCT_BUNDLE_IDENTIFIER = com.Arror.APNs;
				PRODUCT_NAME = APNs;
				SWIFT_VERSION = 5.0;
			};
			name = Release;
		};
/* End XCBuildConfiguration section */

/* Begin XCConfigurationList section */
		D3158FF4242E40D800E048AE /* Build configuration list for PBXProject "APNs-NG" */ = {
			isa = XCConfigurationList;
			buildConfigurations = (
				D3159007242E40DA00E048AE /* Debug */,
				D3159008242E40DA00E048AE /* Release */,
			);
			defaultConfigurationIsVisible = 0;
			defaultConfigurationName = Release;
		};
		D3159009242E40DA00E048AE /* Build configuration list for PBXNativeTarget "APNs-NG" */ = {
			isa = XCConfigurationList;
			buildConfigurations = (
				D315900A242E40DA00E048AE /* Debug */,
				D315900B242E40DA00E048AE /* Release */,
			);
			defaultConfigurationIsVisible = 0;
			defaultConfigurationName = Release;
		};
/* End XCConfigurationList section */
	};
	rootObject = D3158FF1242E40D800E048AE /* Project object */;
}
