// !$*UTF8*$!
{
	archiveVersion = 1;
	classes = {
	};
	objectVersion = 50;
	objects = {

/* Begin PBXBuildFile section */
		70802A77222D76BE0054C45E /* Storage.swift in Sources */ = {isa = PBXBuildFile; fileRef = 70802A76222D76BE0054C45E /* Storage.swift */; };
		70802A79222D772D0054C45E /* DataBaseStorage.swift in Sources */ = {isa = PBXBuildFile; fileRef = 70802A78222D772D0054C45E /* DataBaseStorage.swift */; };
		70802A7B222D77420054C45E /* CodableStorage.swift in Sources */ = {isa = PBXBuildFile; fileRef = 70802A7A222D77420054C45E /* CodableStorage.swift */; };
		70F399CA222F52E700D54A14 /* ECError.swift in Sources */ = {isa = PBXBuildFile; fileRef = 70F399C5222F52E700D54A14 /* ECError.swift */; };
		70F399CB222F52E700D54A14 /* ES256Signature.swift in Sources */ = {isa = PBXBuildFile; fileRef = 70F399C6222F52E700D54A14 /* ES256Signature.swift */; };
		70F399CC222F52E700D54A14 /* ES256PrivateKey.swift in Sources */ = {isa = PBXBuildFile; fileRef = 70F399C7222F52E700D54A14 /* ES256PrivateKey.swift */; };
		70F399CD222F52E700D54A14 /* ES256Signable.swift in Sources */ = {isa = PBXBuildFile; fileRef = 70F399C8222F52E700D54A14 /* ES256Signable.swift */; };
		70F399CE222F52E700D54A14 /* ASN1.swift in Sources */ = {isa = PBXBuildFile; fileRef = 70F399C9222F52E700D54A14 /* ASN1.swift */; };
		70FBE77F222B7DFC00B88357 /* AppDelegate.swift in Sources */ = {isa = PBXBuildFile; fileRef = 70FBE77E222B7DFC00B88357 /* AppDelegate.swift */; };
		70FBE781222B7DFC00B88357 /* ViewController.swift in Sources */ = {isa = PBXBuildFile; fileRef = 70FBE780222B7DFC00B88357 /* ViewController.swift */; };
		70FBE783222B7DFD00B88357 /* Assets.xcassets in Resources */ = {isa = PBXBuildFile; fileRef = 70FBE782222B7DFD00B88357 /* Assets.xcassets */; };
		70FBE786222B7DFD00B88357 /* Main.storyboard in Resources */ = {isa = PBXBuildFile; fileRef = 70FBE784222B7DFD00B88357 /* Main.storyboard */; };
		70FBE7AF222BF0A500B88357 /* AppService.swift in Sources */ = {isa = PBXBuildFile; fileRef = 70FBE7AE222BF0A500B88357 /* AppService.swift */; };
		70FBE7B1222BF0E800B88357 /* AppEnvironment.swift in Sources */ = {isa = PBXBuildFile; fileRef = 70FBE7B0222BF0E800B88357 /* AppEnvironment.swift */; };
		70FBE7B4222BF1F200B88357 /* APNs.swift in Sources */ = {isa = PBXBuildFile; fileRef = 70FBE7B3222BF1F200B88357 /* APNs.swift */; };
		CA351B40222E22F7005D34E6 /* Security.swift in Sources */ = {isa = PBXBuildFile; fileRef = CA351B3D222E22F6005D34E6 /* Security.swift */; };
		CA351B53222E6C12005D34E6 /* SecKey+Extension.swift in Sources */ = {isa = PBXBuildFile; fileRef = CA351B52222E6C12005D34E6 /* SecKey+Extension.swift */; };
		CA351B55222E7994005D34E6 /* JSONWebToken.swift in Sources */ = {isa = PBXBuildFile; fileRef = CA351B54222E7994005D34E6 /* JSONWebToken.swift */; };
		CA351B63222E850B005D34E6 /* ASN1.swift in Sources */ = {isa = PBXBuildFile; fileRef = CA351B62222E850B005D34E6 /* ASN1.swift */; };
		CA351B65222E98BA005D34E6 /* JSONWebTokenController.swift in Sources */ = {isa = PBXBuildFile; fileRef = CA351B64222E98BA005D34E6 /* JSONWebTokenController.swift */; };
/* End PBXBuildFile section */

/* Begin PBXFileReference section */
		70802A76222D76BE0054C45E /* Storage.swift */ = {isa = PBXFileReference; lastKnownFileType = sourcecode.swift; path = Storage.swift; sourceTree = "<group>"; };
		70802A78222D772D0054C45E /* DataBaseStorage.swift */ = {isa = PBXFileReference; lastKnownFileType = sourcecode.swift; path = DataBaseStorage.swift; sourceTree = "<group>"; };
		70802A7A222D77420054C45E /* CodableStorage.swift */ = {isa = PBXFileReference; lastKnownFileType = sourcecode.swift; path = CodableStorage.swift; sourceTree = "<group>"; };
		70F399C5222F52E700D54A14 /* ECError.swift */ = {isa = PBXFileReference; fileEncoding = 4; lastKnownFileType = sourcecode.swift; path = ECError.swift; sourceTree = "<group>"; };
		70F399C6222F52E700D54A14 /* ES256Signature.swift */ = {isa = PBXFileReference; fileEncoding = 4; lastKnownFileType = sourcecode.swift; path = ES256Signature.swift; sourceTree = "<group>"; };
		70F399C7222F52E700D54A14 /* ES256PrivateKey.swift */ = {isa = PBXFileReference; fileEncoding = 4; lastKnownFileType = sourcecode.swift; path = ES256PrivateKey.swift; sourceTree = "<group>"; };
		70F399C8222F52E700D54A14 /* ES256Signable.swift */ = {isa = PBXFileReference; fileEncoding = 4; lastKnownFileType = sourcecode.swift; path = ES256Signable.swift; sourceTree = "<group>"; };
		70F399C9222F52E700D54A14 /* ASN1.swift */ = {isa = PBXFileReference; fileEncoding = 4; lastKnownFileType = sourcecode.swift; path = ASN1.swift; sourceTree = "<group>"; };
		70FBE77B222B7DFC00B88357 /* APNs.app */ = {isa = PBXFileReference; explicitFileType = wrapper.application; includeInIndex = 0; path = APNs.app; sourceTree = BUILT_PRODUCTS_DIR; };
		70FBE77E222B7DFC00B88357 /* AppDelegate.swift */ = {isa = PBXFileReference; lastKnownFileType = sourcecode.swift; path = AppDelegate.swift; sourceTree = "<group>"; };
		70FBE780222B7DFC00B88357 /* ViewController.swift */ = {isa = PBXFileReference; lastKnownFileType = sourcecode.swift; path = ViewController.swift; sourceTree = "<group>"; };
		70FBE782222B7DFD00B88357 /* Assets.xcassets */ = {isa = PBXFileReference; lastKnownFileType = folder.assetcatalog; path = Assets.xcassets; sourceTree = "<group>"; };
		70FBE785222B7DFD00B88357 /* Base */ = {isa = PBXFileReference; lastKnownFileType = file.storyboard; name = Base; path = Base.lproj/Main.storyboard; sourceTree = "<group>"; };
		70FBE787222B7DFD00B88357 /* Info.plist */ = {isa = PBXFileReference; lastKnownFileType = text.plist.xml; path = Info.plist; sourceTree = "<group>"; };
		70FBE788222B7DFD00B88357 /* APNs.entitlements */ = {isa = PBXFileReference; lastKnownFileType = text.plist.entitlements; path = APNs.entitlements; sourceTree = "<group>"; };
		70FBE7AE222BF0A500B88357 /* AppService.swift */ = {isa = PBXFileReference; lastKnownFileType = sourcecode.swift; path = AppService.swift; sourceTree = "<group>"; };
		70FBE7B0222BF0E800B88357 /* AppEnvironment.swift */ = {isa = PBXFileReference; lastKnownFileType = sourcecode.swift; path = AppEnvironment.swift; sourceTree = "<group>"; };
		70FBE7B3222BF1F200B88357 /* APNs.swift */ = {isa = PBXFileReference; lastKnownFileType = sourcecode.swift; path = APNs.swift; sourceTree = "<group>"; };
		CA351B3D222E22F6005D34E6 /* Security.swift */ = {isa = PBXFileReference; fileEncoding = 4; lastKnownFileType = sourcecode.swift; path = Security.swift; sourceTree = "<group>"; };
		CA351B52222E6C12005D34E6 /* SecKey+Extension.swift */ = {isa = PBXFileReference; lastKnownFileType = sourcecode.swift; path = "SecKey+Extension.swift"; sourceTree = "<group>"; };
		CA351B54222E7994005D34E6 /* JSONWebToken.swift */ = {isa = PBXFileReference; lastKnownFileType = sourcecode.swift; path = JSONWebToken.swift; sourceTree = "<group>"; };
		CA351B62222E850B005D34E6 /* ASN1.swift */ = {isa = PBXFileReference; lastKnownFileType = sourcecode.swift; path = ASN1.swift; sourceTree = "<group>"; };
		CA351B64222E98BA005D34E6 /* JSONWebTokenController.swift */ = {isa = PBXFileReference; lastKnownFileType = sourcecode.swift; path = JSONWebTokenController.swift; sourceTree = "<group>"; };
/* End PBXFileReference section */

/* Begin PBXFrameworksBuildPhase section */
		70FBE778222B7DFC00B88357 /* Frameworks */ = {
			isa = PBXFrameworksBuildPhase;
			buildActionMask = 2147483647;
			files = (
			);
			runOnlyForDeploymentPostprocessing = 0;
		};
/* End PBXFrameworksBuildPhase section */

/* Begin PBXGroup section */
		70802A75222D76AF0054C45E /* Storage */ = {
			isa = PBXGroup;
			children = (
				70802A76222D76BE0054C45E /* Storage.swift */,
				70802A7A222D77420054C45E /* CodableStorage.swift */,
				70802A78222D772D0054C45E /* DataBaseStorage.swift */,
			);
			path = Storage;
			sourceTree = "<group>";
		};
		70F399C4222F52E700D54A14 /* CryptorES256 */ = {
			isa = PBXGroup;
			children = (
				70F399C5222F52E700D54A14 /* ECError.swift */,
				70F399C6222F52E700D54A14 /* ES256Signature.swift */,
				70F399C7222F52E700D54A14 /* ES256PrivateKey.swift */,
				70F399C8222F52E700D54A14 /* ES256Signable.swift */,
				70F399C9222F52E700D54A14 /* ASN1.swift */,
			);
			path = CryptorES256;
			sourceTree = "<group>";
		};
		70FBE772222B7DFC00B88357 = {
			isa = PBXGroup;
			children = (
				70FBE77D222B7DFC00B88357 /* APNs */,
				70FBE77C222B7DFC00B88357 /* Products */,
			);
			sourceTree = "<group>";
		};
		70FBE77C222B7DFC00B88357 /* Products */ = {
			isa = PBXGroup;
			children = (
				70FBE77B222B7DFC00B88357 /* APNs.app */,
			);
			name = Products;
			sourceTree = "<group>";
		};
		70FBE77D222B7DFC00B88357 /* APNs */ = {
			isa = PBXGroup;
			children = (
				70FBE77E222B7DFC00B88357 /* AppDelegate.swift */,
				70FBE780222B7DFC00B88357 /* ViewController.swift */,
				70FBE7AD222BF09700B88357 /* AppKit */,
				70FBE782222B7DFD00B88357 /* Assets.xcassets */,
				70FBE784222B7DFD00B88357 /* Main.storyboard */,
				70FBE787222B7DFD00B88357 /* Info.plist */,
				70FBE788222B7DFD00B88357 /* APNs.entitlements */,
			);
			path = APNs;
			sourceTree = "<group>";
		};
		70FBE7AD222BF09700B88357 /* AppKit */ = {
			isa = PBXGroup;
			children = (
				70F399C4222F52E700D54A14 /* CryptorES256 */,
				70FBE7AE222BF0A500B88357 /* AppService.swift */,
				70FBE7B0222BF0E800B88357 /* AppEnvironment.swift */,
				CA351B3A222E2241005D34E6 /* Security */,
				70802A75222D76AF0054C45E /* Storage */,
				70FBE7B2222BF1D700B88357 /* APNs */,
			);
			path = AppKit;
			sourceTree = "<group>";
		};
		70FBE7B2222BF1D700B88357 /* APNs */ = {
			isa = PBXGroup;
			children = (
				70FBE7B3222BF1F200B88357 /* APNs.swift */,
			);
			path = APNs;
			sourceTree = "<group>";
		};
		CA351B3A222E2241005D34E6 /* Security */ = {
			isa = PBXGroup;
			children = (
				CA351B3D222E22F6005D34E6 /* Security.swift */,
				CA351B52222E6C12005D34E6 /* SecKey+Extension.swift */,
				CA351B62222E850B005D34E6 /* ASN1.swift */,
				CA351B54222E7994005D34E6 /* JSONWebToken.swift */,
				CA351B64222E98BA005D34E6 /* JSONWebTokenController.swift */,
			);
			path = Security;
			sourceTree = "<group>";
		};
/* End PBXGroup section */

/* Begin PBXNativeTarget section */
		70FBE77A222B7DFC00B88357 /* APNs */ = {
			isa = PBXNativeTarget;
			buildConfigurationList = 70FBE78B222B7DFD00B88357 /* Build configuration list for PBXNativeTarget "APNs" */;
			buildPhases = (
				70FBE777222B7DFC00B88357 /* Sources */,
				70FBE778222B7DFC00B88357 /* Frameworks */,
				70FBE779222B7DFC00B88357 /* Resources */,
			);
			buildRules = (
			);
			dependencies = (
			);
			name = APNs;
			productName = APNs;
			productReference = 70FBE77B222B7DFC00B88357 /* APNs.app */;
			productType = "com.apple.product-type.application";
		};
/* End PBXNativeTarget section */

/* Begin PBXProject section */
		70FBE773222B7DFC00B88357 /* Project object */ = {
			isa = PBXProject;
			attributes = {
				LastSwiftUpdateCheck = 1010;
				LastUpgradeCheck = 1010;
				ORGANIZATIONNAME = Arror;
				TargetAttributes = {
					70FBE77A222B7DFC00B88357 = {
						CreatedOnToolsVersion = 10.1;
						SystemCapabilities = {
							com.apple.Sandbox = {
								enabled = 1;
							};
						};
					};
				};
			};
			buildConfigurationList = 70FBE776222B7DFC00B88357 /* Build configuration list for PBXProject "APNs" */;
			compatibilityVersion = "Xcode 9.3";
			developmentRegion = en;
			hasScannedForEncodings = 0;
			knownRegions = (
				en,
				Base,
			);
			mainGroup = 70FBE772222B7DFC00B88357;
			productRefGroup = 70FBE77C222B7DFC00B88357 /* Products */;
			projectDirPath = "";
			projectRoot = "";
			targets = (
				70FBE77A222B7DFC00B88357 /* APNs */,
			);
		};
/* End PBXProject section */

/* Begin PBXResourcesBuildPhase section */
		70FBE779222B7DFC00B88357 /* Resources */ = {
			isa = PBXResourcesBuildPhase;
			buildActionMask = 2147483647;
			files = (
				70FBE783222B7DFD00B88357 /* Assets.xcassets in Resources */,
				70FBE786222B7DFD00B88357 /* Main.storyboard in Resources */,
			);
			runOnlyForDeploymentPostprocessing = 0;
		};
/* End PBXResourcesBuildPhase section */

/* Begin PBXSourcesBuildPhase section */
		70FBE777222B7DFC00B88357 /* Sources */ = {
			isa = PBXSourcesBuildPhase;
			buildActionMask = 2147483647;
			files = (
				CA351B63222E850B005D34E6 /* ASN1.swift in Sources */,
				70FBE781222B7DFC00B88357 /* ViewController.swift in Sources */,
				CA351B55222E7994005D34E6 /* JSONWebToken.swift in Sources */,
				70FBE7B1222BF0E800B88357 /* AppEnvironment.swift in Sources */,
				70FBE7AF222BF0A500B88357 /* AppService.swift in Sources */,
				70FBE7B4222BF1F200B88357 /* APNs.swift in Sources */,
				70F399CE222F52E700D54A14 /* ASN1.swift in Sources */,
				70802A79222D772D0054C45E /* DataBaseStorage.swift in Sources */,
				CA351B40222E22F7005D34E6 /* Security.swift in Sources */,
				70FBE77F222B7DFC00B88357 /* AppDelegate.swift in Sources */,
				70F399CC222F52E700D54A14 /* ES256PrivateKey.swift in Sources */,
				70F399CD222F52E700D54A14 /* ES256Signable.swift in Sources */,
				70802A7B222D77420054C45E /* CodableStorage.swift in Sources */,
				70F399CA222F52E700D54A14 /* ECError.swift in Sources */,
				CA351B53222E6C12005D34E6 /* SecKey+Extension.swift in Sources */,
				70802A77222D76BE0054C45E /* Storage.swift in Sources */,
				CA351B65222E98BA005D34E6 /* JSONWebTokenController.swift in Sources */,
				70F399CB222F52E700D54A14 /* ES256Signature.swift in Sources */,
			);
			runOnlyForDeploymentPostprocessing = 0;
		};
/* End PBXSourcesBuildPhase section */

/* Begin PBXVariantGroup section */
		70FBE784222B7DFD00B88357 /* Main.storyboard */ = {
			isa = PBXVariantGroup;
			children = (
				70FBE785222B7DFD00B88357 /* Base */,
			);
			name = Main.storyboard;
			sourceTree = "<group>";
		};
/* End PBXVariantGroup section */

/* Begin XCBuildConfiguration section */
		70FBE789222B7DFD00B88357 /* Debug */ = {
			isa = XCBuildConfiguration;
			buildSettings = {
				ALWAYS_SEARCH_USER_PATHS = NO;
				CLANG_ANALYZER_NONNULL = YES;
				CLANG_ANALYZER_NUMBER_OBJECT_CONVERSION = YES_AGGRESSIVE;
				CLANG_CXX_LANGUAGE_STANDARD = "gnu++14";
				CLANG_CXX_LIBRARY = "libc++";
				CLANG_ENABLE_MODULES = YES;
				CLANG_ENABLE_OBJC_ARC = YES;
				CLANG_ENABLE_OBJC_WEAK = YES;
				CLANG_WARN_BLOCK_CAPTURE_AUTORELEASING = YES;
				CLANG_WARN_BOOL_CONVERSION = YES;
				CLANG_WARN_COMMA = YES;
				CLANG_WARN_CONSTANT_CONVERSION = YES;
				CLANG_WARN_DEPRECATED_OBJC_IMPLEMENTATIONS = YES;
				CLANG_WARN_DIRECT_OBJC_ISA_USAGE = YES_ERROR;
				CLANG_WARN_DOCUMENTATION_COMMENTS = YES;
				CLANG_WARN_EMPTY_BODY = YES;
				CLANG_WARN_ENUM_CONVERSION = YES;
				CLANG_WARN_INFINITE_RECURSION = YES;
				CLANG_WARN_INT_CONVERSION = YES;
				CLANG_WARN_NON_LITERAL_NULL_CONVERSION = YES;
				CLANG_WARN_OBJC_IMPLICIT_RETAIN_SELF = YES;
				CLANG_WARN_OBJC_LITERAL_CONVERSION = YES;
				CLANG_WARN_OBJC_ROOT_CLASS = YES_ERROR;
				CLANG_WARN_RANGE_LOOP_ANALYSIS = YES;
				CLANG_WARN_STRICT_PROTOTYPES = YES;
				CLANG_WARN_SUSPICIOUS_MOVE = YES;
				CLANG_WARN_UNGUARDED_AVAILABILITY = YES_AGGRESSIVE;
				CLANG_WARN_UNREACHABLE_CODE = YES;
				CLANG_WARN__DUPLICATE_METHOD_MATCH = YES;
				CODE_SIGN_IDENTITY = "Mac Developer";
				COPY_PHASE_STRIP = NO;
				DEBUG_INFORMATION_FORMAT = dwarf;
				ENABLE_STRICT_OBJC_MSGSEND = YES;
				ENABLE_TESTABILITY = YES;
				GCC_C_LANGUAGE_STANDARD = gnu11;
				GCC_DYNAMIC_NO_PIC = NO;
				GCC_NO_COMMON_BLOCKS = YES;
				GCC_OPTIMIZATION_LEVEL = 0;
				GCC_PREPROCESSOR_DEFINITIONS = (
					"DEBUG=1",
					"$(inherited)",
				);
				GCC_WARN_64_TO_32_BIT_CONVERSION = YES;
				GCC_WARN_ABOUT_RETURN_TYPE = YES_ERROR;
				GCC_WARN_UNDECLARED_SELECTOR = YES;
				GCC_WARN_UNINITIALIZED_AUTOS = YES_AGGRESSIVE;
				GCC_WARN_UNUSED_FUNCTION = YES;
				GCC_WARN_UNUSED_VARIABLE = YES;
				MACOSX_DEPLOYMENT_TARGET = 10.14;
				MTL_ENABLE_DEBUG_INFO = INCLUDE_SOURCE;
				MTL_FAST_MATH = YES;
				ONLY_ACTIVE_ARCH = YES;
				SDKROOT = macosx;
				SWIFT_ACTIVE_COMPILATION_CONDITIONS = DEBUG;
				SWIFT_OPTIMIZATION_LEVEL = "-Onone";
			};
			name = Debug;
		};
		70FBE78A222B7DFD00B88357 /* Release */ = {
			isa = XCBuildConfiguration;
			buildSettings = {
				ALWAYS_SEARCH_USER_PATHS = NO;
				CLANG_ANALYZER_NONNULL = YES;
				CLANG_ANALYZER_NUMBER_OBJECT_CONVERSION = YES_AGGRESSIVE;
				CLANG_CXX_LANGUAGE_STANDARD = "gnu++14";
				CLANG_CXX_LIBRARY = "libc++";
				CLANG_ENABLE_MODULES = YES;
				CLANG_ENABLE_OBJC_ARC = YES;
				CLANG_ENABLE_OBJC_WEAK = YES;
				CLANG_WARN_BLOCK_CAPTURE_AUTORELEASING = YES;
				CLANG_WARN_BOOL_CONVERSION = YES;
				CLANG_WARN_COMMA = YES;
				CLANG_WARN_CONSTANT_CONVERSION = YES;
				CLANG_WARN_DEPRECATED_OBJC_IMPLEMENTATIONS = YES;
				CLANG_WARN_DIRECT_OBJC_ISA_USAGE = YES_ERROR;
				CLANG_WARN_DOCUMENTATION_COMMENTS = YES;
				CLANG_WARN_EMPTY_BODY = YES;
				CLANG_WARN_ENUM_CONVERSION = YES;
				CLANG_WARN_INFINITE_RECURSION = YES;
				CLANG_WARN_INT_CONVERSION = YES;
				CLANG_WARN_NON_LITERAL_NULL_CONVERSION = YES;
				CLANG_WARN_OBJC_IMPLICIT_RETAIN_SELF = YES;
				CLANG_WARN_OBJC_LITERAL_CONVERSION = YES;
				CLANG_WARN_OBJC_ROOT_CLASS = YES_ERROR;
				CLANG_WARN_RANGE_LOOP_ANALYSIS = YES;
				CLANG_WARN_STRICT_PROTOTYPES = YES;
				CLANG_WARN_SUSPICIOUS_MOVE = YES;
				CLANG_WARN_UNGUARDED_AVAILABILITY = YES_AGGRESSIVE;
				CLANG_WARN_UNREACHABLE_CODE = YES;
				CLANG_WARN__DUPLICATE_METHOD_MATCH = YES;
				CODE_SIGN_IDENTITY = "Mac Developer";
				COPY_PHASE_STRIP = NO;
				DEBUG_INFORMATION_FORMAT = "dwarf-with-dsym";
				ENABLE_NS_ASSERTIONS = NO;
				ENABLE_STRICT_OBJC_MSGSEND = YES;
				GCC_C_LANGUAGE_STANDARD = gnu11;
				GCC_NO_COMMON_BLOCKS = YES;
				GCC_WARN_64_TO_32_BIT_CONVERSION = YES;
				GCC_WARN_ABOUT_RETURN_TYPE = YES_ERROR;
				GCC_WARN_UNDECLARED_SELECTOR = YES;
				GCC_WARN_UNINITIALIZED_AUTOS = YES_AGGRESSIVE;
				GCC_WARN_UNUSED_FUNCTION = YES;
				GCC_WARN_UNUSED_VARIABLE = YES;
				MACOSX_DEPLOYMENT_TARGET = 10.14;
				MTL_ENABLE_DEBUG_INFO = NO;
				MTL_FAST_MATH = YES;
				SDKROOT = macosx;
				SWIFT_COMPILATION_MODE = wholemodule;
				SWIFT_OPTIMIZATION_LEVEL = "-O";
			};
			name = Release;
		};
		70FBE78C222B7DFD00B88357 /* Debug */ = {
			isa = XCBuildConfiguration;
			buildSettings = {
				ASSETCATALOG_COMPILER_APPICON_NAME = AppIcon;
				CODE_SIGN_ENTITLEMENTS = APNs/APNs.entitlements;
				CODE_SIGN_STYLE = Automatic;
				COMBINE_HIDPI_IMAGES = YES;
				DEVELOPMENT_TEAM = A8XWAF2UFT;
				INFOPLIST_FILE = APNs/Info.plist;
				LD_RUNPATH_SEARCH_PATHS = (
					"$(inherited)",
					"@executable_path/../Frameworks",
				);
				PRODUCT_BUNDLE_IDENTIFIER = com.Arror.APNs;
				PRODUCT_NAME = "$(TARGET_NAME)";
				SWIFT_VERSION = 4.2;
			};
			name = Debug;
		};
		70FBE78D222B7DFD00B88357 /* Release */ = {
			isa = XCBuildConfiguration;
			buildSettings = {
				ASSETCATALOG_COMPILER_APPICON_NAME = AppIcon;
				CODE_SIGN_ENTITLEMENTS = APNs/APNs.entitlements;
				CODE_SIGN_STYLE = Automatic;
				COMBINE_HIDPI_IMAGES = YES;
				DEVELOPMENT_TEAM = A8XWAF2UFT;
				INFOPLIST_FILE = APNs/Info.plist;
				LD_RUNPATH_SEARCH_PATHS = (
					"$(inherited)",
					"@executable_path/../Frameworks",
				);
				PRODUCT_BUNDLE_IDENTIFIER = com.Arror.APNs;
				PRODUCT_NAME = "$(TARGET_NAME)";
				SWIFT_VERSION = 4.2;
			};
			name = Release;
		};
/* End XCBuildConfiguration section */

/* Begin XCConfigurationList section */
		70FBE776222B7DFC00B88357 /* Build configuration list for PBXProject "APNs" */ = {
			isa = XCConfigurationList;
			buildConfigurations = (
				70FBE789222B7DFD00B88357 /* Debug */,
				70FBE78A222B7DFD00B88357 /* Release */,
			);
			defaultConfigurationIsVisible = 0;
			defaultConfigurationName = Release;
		};
		70FBE78B222B7DFD00B88357 /* Build configuration list for PBXNativeTarget "APNs" */ = {
			isa = XCConfigurationList;
			buildConfigurations = (
				70FBE78C222B7DFD00B88357 /* Debug */,
				70FBE78D222B7DFD00B88357 /* Release */,
			);
			defaultConfigurationIsVisible = 0;
			defaultConfigurationName = Release;
		};
/* End XCConfigurationList section */
	};
	rootObject = 70FBE773222B7DFC00B88357 /* Project object */;
}
